
Microsoft Visual Studio Solution File, Format Version 12.00
# Visual Studio Version 17
VisualStudioVersion = 17.8.34309.116
MinimumVisualStudioVersion = 10.0.40219.1
Project("{FAE04EC0-301F-11D3-BF4B-00C04F79EFBC}") = "AuthenticationManyToManyProject.Domain", "AuthenticationManyToManyProject.Domain\AuthenticationManyToManyProject.Domain.csproj", "{F07189FE-FCCF-4000-9B67-4ABC45E2091B}"
EndProject
Project("{FAE04EC0-301F-11D3-BF4B-00C04F79EFBC}") = "AuthenticationManyToManyProject.Business", "AuthenticationManyToManyProject.Business\AuthenticationManyToManyProject.Business.csproj", "{C7D049A2-9326-4346-8E7D-D261B6432F2D}"
EndProject
Project("{FAE04EC0-301F-11D3-BF4B-00C04F79EFBC}") = "AuthenticationManyToManyProject.Core", "AuthenticationManyToManyProject.Core\AuthenticationManyToManyProject.Core.csproj", "{D57C3BB9-7B80-4F5E-BA13-2517E292273C}"
EndProject
Project("{FAE04EC0-301F-11D3-BF4B-00C04F79EFBC}") = "AuthenticationManyToManyProject.DataAccess", "AuthenticationManyToManyProject.DataAccess\AuthenticationManyToManyProject.DataAccess.csproj", "{4BF03A91-A034-4C94-94ED-38C5BCF759BF}"
EndProject
Project("{FAE04EC0-301F-11D3-BF4B-00C04F79EFBC}") = "AuthenticationManyToManyProject.WEBUI", "AuthenticationManyToManyProject.WEBUI\AuthenticationManyToManyProject.WEBUI.csproj", "{EFCB2ADA-158D-4536-98C5-6216B4E7757B}"
EndProject
Global
	GlobalSection(SolutionConfigurationPlatforms) = preSolution
		Debug|Any CPU = Debug|Any CPU
		Release|Any CPU = Release|Any CPU
	EndGlobalSection
	GlobalSection(ProjectConfigurationPlatforms) = postSolution
		{F07189FE-FCCF-4000-9B67-4ABC45E2091B}.Debug|Any CPU.ActiveCfg = Debug|Any CPU
		{F07189FE-FCCF-4000-9B67-4ABC45E2091B}.Debug|Any CPU.Build.0 = Debug|Any CPU
		{F07189FE-FCCF-4000-9B67-4ABC45E2091B}.Release|Any CPU.ActiveCfg = Release|Any CPU
		{F07189FE-FCCF-4000-9B67-4ABC45E2091B}.Release|Any CPU.Build.0 = Release|Any CPU
		{C7D049A2-9326-4346-8E7D-D261B6432F2D}.Debug|Any CPU.ActiveCfg = Debug|Any CPU
		{C7D049A2-9326-4346-8E7D-D261B6432F2D}.Debug|Any CPU.Build.0 = Debug|Any CPU
		{C7D049A2-9326-4346-8E7D-D261B6432F2D}.Release|Any CPU.ActiveCfg = Release|Any CPU
		{C7D049A2-9326-4346-8E7D-D261B6432F2D}.Release|Any CPU.Build.0 = Release|Any CPU
		{D57C3BB9-7B80-4F5E-BA13-2517E292273C}.Debug|Any CPU.ActiveCfg = Debug|Any CPU
		{D57C3BB9-7B80-4F5E-BA13-2517E292273C}.Debug|Any CPU.Build.0 = Debug|Any CPU
		{D57C3BB9-7B80-4F5E-BA13-2517E292273C}.Release|Any CPU.ActiveCfg = Release|Any CPU
		{D57C3BB9-7B80-4F5E-BA13-2517E292273C}.Release|Any CPU.Build.0 = Release|Any CPU
		{4BF03A91-A034-4C94-94ED-38C5BCF759BF}.Debug|Any CPU.ActiveCfg = Debug|Any CPU
		{4BF03A91-A034-4C94-94ED-38C5BCF759BF}.Debug|Any CPU.Build.0 = Debug|Any CPU
		{4BF03A91-A034-4C94-94ED-38C5BCF759BF}.Release|Any CPU.ActiveCfg = Release|Any CPU
		{4BF03A91-A034-4C94-94ED-38C5BCF759BF}.Release|Any CPU.Build.0 = Release|Any CPU
		{EFCB2ADA-158D-4536-98C5-6216B4E7757B}.Debug|Any CPU.ActiveCfg = Debug|Any CPU
		{EFCB2ADA-158D-4536-98C5-6216B4E7757B}.Debug|Any CPU.Build.0 = Debug|Any CPU
		{EFCB2ADA-158D-4536-98C5-6216B4E7757B}.Release|Any CPU.ActiveCfg = Release|Any CPU
		{EFCB2ADA-158D-4536-98C5-6216B4E7757B}.Release|Any CPU.Build.0 = Release|Any CPU
	EndGlobalSection
	GlobalSection(SolutionProperties) = preSolution
		HideSolutionNode = FALSE
	EndGlobalSection
	GlobalSection(ExtensibilityGlobals) = postSolution
		SolutionGuid = {9197F71A-25A2-4E52-A907-C1F69524DC42}
	EndGlobalSection
EndGlobal
